schema: '2.0'
stages:
  process_dataset:
    cmd: python -m src.data.make_dataset data/raw/conll data/processed/conll
    deps:
    - path: data/raw/conll
      md5: e8b6c6db3daba108dbf66f51bed79fb0.dir
      size: 31743835
      nfiles: 22
    - path: src/data/make_dataset.py
      md5: f4f20a0447e1f09c91d14b7a24794ba1
      size: 1981
    outs:
    - path: data/processed/conll
      md5: c3f23421d1c02f2ad27c2c54b2ab9182.dir
      size: 6160035
      nfiles: 10
  train:
    cmd: python -m src.models.train_model data/processed/conll models/last_epoch reports/metrics.json
    deps:
    - path: data/processed/conll
      md5: c3f23421d1c02f2ad27c2c54b2ab9182.dir
      size: 6160035
      nfiles: 10
    - path: src/models/train_model.py
      md5: 8e8585a423c37ed64dd081dba9f1dae6
      size: 2534
    outs:
    - path: models/last_epoch
      md5: dc07816e6be795b46b6ab2204b08bdf0.dir
      size: 18443136
      nfiles: 6
    - path: reports/metrics.json
      md5: 07dd62e5c365eb576a677cbdd3e74864
      size: 631
