schema: '2.0'
stages:
  process_dataset:
    cmd: python -m src.data.make_dataset data/raw/conll data/processed/conll
    deps:
    - path: data/raw/conll
      md5: e8b6c6db3daba108dbf66f51bed79fb0.dir
      size: 31743835
      nfiles: 22
    - path: src/data/make_dataset.py
      md5: f4f20a0447e1f09c91d14b7a24794ba1
      size: 1981
    outs:
    - path: data/processed/conll
      md5: c3f23421d1c02f2ad27c2c54b2ab9182.dir
      size: 6160035
      nfiles: 10
  train:
    cmd: python -m src.models.train_model data/processed/conll models reports/metrics.json
    deps:
    - path: data/processed/conll
      md5: c3f23421d1c02f2ad27c2c54b2ab9182.dir
      size: 6160035
      nfiles: 10
    - path: models
      md5: 8bf9e8135cca4f7077cc353608bd7f4d.dir
      size: 88452560
      nfiles: 15
    - path: src/models/train_model.py
      md5: 000405e0a12fcce264a6f387d36b29c2
      size: 2265
    outs:
    - path: reports/metrics.json
      md5: c58ecc2b043d45a37620c301ceba1a52
      size: 605
